<Solution>
  <Configurations>
    <Platform Name="x64" />
    <Platform Name="x86" />
  </Configurations>
  <Folder Name="/Solution Items/">
    <File Path="Ficha7.md" />
  </Folder>
  <Project Path="Ex1/Ex1.vcxproj" Id="807b33ab-64d4-47c5-9902-63c13851ac00" />
  <Project Path="Ex5/Ex5.vcxproj" Id="cb465806-6d72-482d-b32a-c0acfdf43ff9" />
</Solution>
