<Solution>
  <Configurations>
    <Platform Name="x64" />
    <Platform Name="x86" />
  </Configurations>
  <Folder Name="/Solution Items/">
    <File Path="Ficha7.md" />
  </Folder>
  <Project Path="Ex1a_array/Ex1a_array.vcxproj" Id="16ce2862-6247-43ed-ad87-7fe003956d2a" />
  <Project Path="Ex5/Ex5.vcxproj" Id="cb465806-6d72-482d-b32a-c0acfdf43ff9" />
</Solution>
